// !$*UTF8*$!
{
	archiveVersion = 1;
	classes = {
	};
	objectVersion = 50;
	objects = {

/* Begin PBXBuildFile section */
		514C8B872555308900E21674 /* AppDelegate.swift in Sources */ = {isa = PBXBuildFile; fileRef = 514C8B862555308900E21674 /* AppDelegate.swift */; };
		514C8B8B2555308900E21674 /* ViewController.swift in Sources */ = {isa = PBXBuildFile; fileRef = 514C8B8A2555308900E21674 /* ViewController.swift */; };
		514C8B8E2555308900E21674 /* Main.storyboard in Resources */ = {isa = PBXBuildFile; fileRef = 514C8B8C2555308900E21674 /* Main.storyboard */; };
		514C8B902555308A00E21674 /* Assets.xcassets in Resources */ = {isa = PBXBuildFile; fileRef = 514C8B8F2555308A00E21674 /* Assets.xcassets */; };
		514C8B932555308A00E21674 /* LaunchScreen.storyboard in Resources */ = {isa = PBXBuildFile; fileRef = 514C8B912555308A00E21674 /* LaunchScreen.storyboard */; };
		514C8B9C255530BE00E21674 /* BaseNavigationBarProtocol.swift in Sources */ = {isa = PBXBuildFile; fileRef = 514C8B9B255530BE00E21674 /* BaseNavigationBarProtocol.swift */; };
		514C8B9E255530CC00E21674 /* BaseNavigationActions.swift in Sources */ = {isa = PBXBuildFile; fileRef = 514C8B9D255530CC00E21674 /* BaseNavigationActions.swift */; };
		514C8BA12555329300E21674 /* UIApplication+BaseNavigationBar.swift in Sources */ = {isa = PBXBuildFile; fileRef = 514C8BA02555329300E21674 /* UIApplication+BaseNavigationBar.swift */; };
/* End PBXBuildFile section */

/* Begin PBXFileReference section */
		514C8B832555308900E21674 /* BaseNavigationBar.app */ = {isa = PBXFileReference; explicitFileType = wrapper.application; includeInIndex = 0; path = BaseNavigationBar.app; sourceTree = BUILT_PRODUCTS_DIR; };
		514C8B862555308900E21674 /* AppDelegate.swift */ = {isa = PBXFileReference; lastKnownFileType = sourcecode.swift; path = AppDelegate.swift; sourceTree = "<group>"; };
		514C8B8A2555308900E21674 /* ViewController.swift */ = {isa = PBXFileReference; lastKnownFileType = sourcecode.swift; path = ViewController.swift; sourceTree = "<group>"; };
		514C8B8D2555308900E21674 /* Base */ = {isa = PBXFileReference; lastKnownFileType = file.storyboard; name = Base; path = Base.lproj/Main.storyboard; sourceTree = "<group>"; };
		514C8B8F2555308A00E21674 /* Assets.xcassets */ = {isa = PBXFileReference; lastKnownFileType = folder.assetcatalog; path = Assets.xcassets; sourceTree = "<group>"; };
		514C8B922555308A00E21674 /* Base */ = {isa = PBXFileReference; lastKnownFileType = file.storyboard; name = Base; path = Base.lproj/LaunchScreen.storyboard; sourceTree = "<group>"; };
		514C8B942555308A00E21674 /* Info.plist */ = {isa = PBXFileReference; lastKnownFileType = text.plist.xml; path = Info.plist; sourceTree = "<group>"; };
		514C8B9B255530BE00E21674 /* BaseNavigationBarProtocol.swift */ = {isa = PBXFileReference; lastKnownFileType = sourcecode.swift; path = BaseNavigationBarProtocol.swift; sourceTree = "<group>"; };
		514C8B9D255530CC00E21674 /* BaseNavigationActions.swift */ = {isa = PBXFileReference; lastKnownFileType = sourcecode.swift; path = BaseNavigationActions.swift; sourceTree = "<group>"; };
		514C8BA02555329300E21674 /* UIApplication+BaseNavigationBar.swift */ = {isa = PBXFileReference; lastKnownFileType = sourcecode.swift; path = "UIApplication+BaseNavigationBar.swift"; sourceTree = "<group>"; };
/* End PBXFileReference section */

/* Begin PBXFrameworksBuildPhase section */
		514C8B802555308900E21674 /* Frameworks */ = {
			isa = PBXFrameworksBuildPhase;
			buildActionMask = 2147483647;
			files = (
			);
			runOnlyForDeploymentPostprocessing = 0;
		};
/* End PBXFrameworksBuildPhase section */

/* Begin PBXGroup section */
		514C8B7A2555308900E21674 = {
			isa = PBXGroup;
			children = (
				514C8B852555308900E21674 /* BaseNavigationBar */,
				514C8B842555308900E21674 /* Products */,
			);
			sourceTree = "<group>";
		};
		514C8B842555308900E21674 /* Products */ = {
			isa = PBXGroup;
			children = (
				514C8B832555308900E21674 /* BaseNavigationBar.app */,
			);
			name = Products;
			sourceTree = "<group>";
		};
		514C8B852555308900E21674 /* BaseNavigationBar */ = {
			isa = PBXGroup;
			children = (
				514C8B9A2555309D00E21674 /* BaseNavigationBar */,
				514C8B862555308900E21674 /* AppDelegate.swift */,
				514C8B8A2555308900E21674 /* ViewController.swift */,
				514C8B8C2555308900E21674 /* Main.storyboard */,
				514C8B8F2555308A00E21674 /* Assets.xcassets */,
				514C8B912555308A00E21674 /* LaunchScreen.storyboard */,
				514C8B942555308A00E21674 /* Info.plist */,
			);
			path = BaseNavigationBar;
			sourceTree = "<group>";
		};
		514C8B9A2555309D00E21674 /* BaseNavigationBar */ = {
			isa = PBXGroup;
			children = (
				514C8B9F2555327C00E21674 /* Extension */,
				514C8B9B255530BE00E21674 /* BaseNavigationBarProtocol.swift */,
				514C8B9D255530CC00E21674 /* BaseNavigationActions.swift */,
			);
			path = BaseNavigationBar;
			sourceTree = "<group>";
		};
		514C8B9F2555327C00E21674 /* Extension */ = {
			isa = PBXGroup;
			children = (
				514C8BA02555329300E21674 /* UIApplication+BaseNavigationBar.swift */,
			);
			path = Extension;
			sourceTree = "<group>";
		};
/* End PBXGroup section */

/* Begin PBXNativeTarget section */
		514C8B822555308900E21674 /* BaseNavigationBar */ = {
			isa = PBXNativeTarget;
			buildConfigurationList = 514C8B972555308A00E21674 /* Build configuration list for PBXNativeTarget "BaseNavigationBar" */;
			buildPhases = (
				514C8B7F2555308900E21674 /* Sources */,
				514C8B802555308900E21674 /* Frameworks */,
				514C8B812555308900E21674 /* Resources */,
			);
			buildRules = (
			);
			dependencies = (
			);
			name = BaseNavigationBar;
			productName = BaseNavigationBar;
			productReference = 514C8B832555308900E21674 /* BaseNavigationBar.app */;
			productType = "com.apple.product-type.application";
		};
/* End PBXNativeTarget section */

/* Begin PBXProject section */
		514C8B7B2555308900E21674 /* Project object */ = {
			isa = PBXProject;
			attributes = {
				LastSwiftUpdateCheck = 1130;
				LastUpgradeCheck = 1130;
				ORGANIZATIONNAME = "YAGIZHAN AKDUMAN";
				TargetAttributes = {
					514C8B822555308900E21674 = {
						CreatedOnToolsVersion = 11.3.1;
					};
				};
			};
			buildConfigurationList = 514C8B7E2555308900E21674 /* Build configuration list for PBXProject "BaseNavigationBar" */;
			compatibilityVersion = "Xcode 9.3";
			developmentRegion = en;
			hasScannedForEncodings = 0;
			knownRegions = (
				en,
				Base,
			);
			mainGroup = 514C8B7A2555308900E21674;
			productRefGroup = 514C8B842555308900E21674 /* Products */;
			projectDirPath = "";
			projectRoot = "";
			targets = (
				514C8B822555308900E21674 /* BaseNavigationBar */,
			);
		};
/* End PBXProject section */

/* Begin PBXResourcesBuildPhase section */
		514C8B812555308900E21674 /* Resources */ = {
			isa = PBXResourcesBuildPhase;
			buildActionMask = 2147483647;
			files = (
				514C8B932555308A00E21674 /* LaunchScreen.storyboard in Resources */,
				514C8B902555308A00E21674 /* Assets.xcassets in Resources */,
				514C8B8E2555308900E21674 /* Main.storyboard in Resources */,
			);
			runOnlyForDeploymentPostprocessing = 0;
		};
/* End PBXResourcesBuildPhase section */

/* Begin PBXSourcesBuildPhase section */
		514C8B7F2555308900E21674 /* Sources */ = {
			isa = PBXSourcesBuildPhase;
			buildActionMask = 2147483647;
			files = (
				514C8B9E255530CC00E21674 /* BaseNavigationActions.swift in Sources */,
				514C8B9C255530BE00E21674 /* BaseNavigationBarProtocol.swift in Sources */,
				514C8B8B2555308900E21674 /* ViewController.swift in Sources */,
				514C8B872555308900E21674 /* AppDelegate.swift in Sources */,
				514C8BA12555329300E21674 /* UIApplication+BaseNavigationBar.swift in Sources */,
			);
			runOnlyForDeploymentPostprocessing = 0;
		};
/* End PBXSourcesBuildPhase section */

/* Begin PBXVariantGroup section */
		514C8B8C2555308900E21674 /* Main.storyboard */ = {
			isa = PBXVariantGroup;
			children = (
				514C8B8D2555308900E21674 /* Base */,
			);
			name = Main.storyboard;
			sourceTree = "<group>";
		};
		514C8B912555308A00E21674 /* LaunchScreen.storyboard */ = {
			isa = PBXVariantGroup;
			children = (
				514C8B922555308A00E21674 /* Base */,
			);
			name = LaunchScreen.storyboard;
			sourceTree = "<group>";
		};
/* End PBXVariantGroup section */

/* Begin XCBuildConfiguration section */
		514C8B952555308A00E21674 /* Debug */ = {
			isa = XCBuildConfiguration;
			buildSettings = {
				ALWAYS_SEARCH_USER_PATHS = NO;
				CLANG_ANALYZER_NONNULL = YES;
				CLANG_ANALYZER_NUMBER_OBJECT_CONVERSION = YES_AGGRESSIVE;
				CLANG_CXX_LANGUAGE_STANDARD = "gnu++14";
				CLANG_CXX_LIBRARY = "libc++";
				CLANG_ENABLE_MODULES = YES;
				CLANG_ENABLE_OBJC_ARC = YES;
				CLANG_ENABLE_OBJC_WEAK = YES;
				CLANG_WARN_BLOCK_CAPTURE_AUTORELEASING = YES;
				CLANG_WARN_BOOL_CONVERSION = YES;
				CLANG_WARN_COMMA = YES;
				CLANG_WARN_CONSTANT_CONVERSION = YES;
				CLANG_WARN_DEPRECATED_OBJC_IMPLEMENTATIONS = YES;
				CLANG_WARN_DIRECT_OBJC_ISA_USAGE = YES_ERROR;
				CLANG_WARN_DOCUMENTATION_COMMENTS = YES;
				CLANG_WARN_EMPTY_BODY = YES;
				CLANG_WARN_ENUM_CONVERSION = YES;
				CLANG_WARN_INFINITE_RECURSION = YES;
				CLANG_WARN_INT_CONVERSION = YES;
				CLANG_WARN_NON_LITERAL_NULL_CONVERSION = YES;
				CLANG_WARN_OBJC_IMPLICIT_RETAIN_SELF = YES;
				CLANG_WARN_OBJC_LITERAL_CONVERSION = YES;
				CLANG_WARN_OBJC_ROOT_CLASS = YES_ERROR;
				CLANG_WARN_RANGE_LOOP_ANALYSIS = YES;
				CLANG_WARN_STRICT_PROTOTYPES = YES;
				CLANG_WARN_SUSPICIOUS_MOVE = YES;
				CLANG_WARN_UNGUARDED_AVAILABILITY = YES_AGGRESSIVE;
				CLANG_WARN_UNREACHABLE_CODE = YES;
				CLANG_WARN__DUPLICATE_METHOD_MATCH = YES;
				COPY_PHASE_STRIP = NO;
				DEBUG_INFORMATION_FORMAT = dwarf;
				ENABLE_STRICT_OBJC_MSGSEND = YES;
				ENABLE_TESTABILITY = YES;
				GCC_C_LANGUAGE_STANDARD = gnu11;
				GCC_DYNAMIC_NO_PIC = NO;
				GCC_NO_COMMON_BLOCKS = YES;
				GCC_OPTIMIZATION_LEVEL = 0;
				GCC_PREPROCESSOR_DEFINITIONS = (
					"DEBUG=1",
					"$(inherited)",
				);
				GCC_WARN_64_TO_32_BIT_CONVERSION = YES;
				GCC_WARN_ABOUT_RETURN_TYPE = YES_ERROR;
				GCC_WARN_UNDECLARED_SELECTOR = YES;
				GCC_WARN_UNINITIALIZED_AUTOS = YES_AGGRESSIVE;
				GCC_WARN_UNUSED_FUNCTION = YES;
				GCC_WARN_UNUSED_VARIABLE = YES;
				IPHONEOS_DEPLOYMENT_TARGET = 13.2;
				MTL_ENABLE_DEBUG_INFO = INCLUDE_SOURCE;
				MTL_FAST_MATH = YES;
				ONLY_ACTIVE_ARCH = YES;
				SDKROOT = iphoneos;
				SWIFT_ACTIVE_COMPILATION_CONDITIONS = DEBUG;
				SWIFT_OPTIMIZATION_LEVEL = "-Onone";
			};
			name = Debug;
		};
		514C8B962555308A00E21674 /* Release */ = {
			isa = XCBuildConfiguration;
			buildSettings = {
				ALWAYS_SEARCH_USER_PATHS = NO;
				CLANG_ANALYZER_NONNULL = YES;
				CLANG_ANALYZER_NUMBER_OBJECT_CONVERSION = YES_AGGRESSIVE;
				CLANG_CXX_LANGUAGE_STANDARD = "gnu++14";
				CLANG_CXX_LIBRARY = "libc++";
				CLANG_ENABLE_MODULES = YES;
				CLANG_ENABLE_OBJC_ARC = YES;
				CLANG_ENABLE_OBJC_WEAK = YES;
				CLANG_WARN_BLOCK_CAPTURE_AUTORELEASING = YES;
				CLANG_WARN_BOOL_CONVERSION = YES;
				CLANG_WARN_COMMA = YES;
				CLANG_WARN_CONSTANT_CONVERSION = YES;
				CLANG_WARN_DEPRECATED_OBJC_IMPLEMENTATIONS = YES;
				CLANG_WARN_DIRECT_OBJC_ISA_USAGE = YES_ERROR;
				CLANG_WARN_DOCUMENTATION_COMMENTS = YES;
				CLANG_WARN_EMPTY_BODY = YES;
				CLANG_WARN_ENUM_CONVERSION = YES;
				CLANG_WARN_INFINITE_RECURSION = YES;
				CLANG_WARN_INT_CONVERSION = YES;
				CLANG_WARN_NON_LITERAL_NULL_CONVERSION = YES;
				CLANG_WARN_OBJC_IMPLICIT_RETAIN_SELF = YES;
				CLANG_WARN_OBJC_LITERAL_CONVERSION = YES;
				CLANG_WARN_OBJC_ROOT_CLASS = YES_ERROR;
				CLANG_WARN_RANGE_LOOP_ANALYSIS = YES;
				CLANG_WARN_STRICT_PROTOTYPES = YES;
				CLANG_WARN_SUSPICIOUS_MOVE = YES;
				CLANG_WARN_UNGUARDED_AVAILABILITY = YES_AGGRESSIVE;
				CLANG_WARN_UNREACHABLE_CODE = YES;
				CLANG_WARN__DUPLICATE_METHOD_MATCH = YES;
				COPY_PHASE_STRIP = NO;
				DEBUG_INFORMATION_FORMAT = "dwarf-with-dsym";
				ENABLE_NS_ASSERTIONS = NO;
				ENABLE_STRICT_OBJC_MSGSEND = YES;
				GCC_C_LANGUAGE_STANDARD = gnu11;
				GCC_NO_COMMON_BLOCKS = YES;
				GCC_WARN_64_TO_32_BIT_CONVERSION = YES;
				GCC_WARN_ABOUT_RETURN_TYPE = YES_ERROR;
				GCC_WARN_UNDECLARED_SELECTOR = YES;
				GCC_WARN_UNINITIALIZED_AUTOS = YES_AGGRESSIVE;
				GCC_WARN_UNUSED_FUNCTION = YES;
				GCC_WARN_UNUSED_VARIABLE = YES;
				IPHONEOS_DEPLOYMENT_TARGET = 13.2;
				MTL_ENABLE_DEBUG_INFO = NO;
				MTL_FAST_MATH = YES;
				SDKROOT = iphoneos;
				SWIFT_COMPILATION_MODE = wholemodule;
				SWIFT_OPTIMIZATION_LEVEL = "-O";
				VALIDATE_PRODUCT = YES;
			};
			name = Release;
		};
		514C8B982555308A00E21674 /* Debug */ = {
			isa = XCBuildConfiguration;
			buildSettings = {
				ASSETCATALOG_COMPILER_APPICON_NAME = AppIcon;
				CODE_SIGN_STYLE = Automatic;
				INFOPLIST_FILE = BaseNavigationBar/Info.plist;
				IPHONEOS_DEPLOYMENT_TARGET = 11.0;
				LD_RUNPATH_SEARCH_PATHS = (
					"$(inherited)",
					"@executable_path/Frameworks",
				);
				PRODUCT_BUNDLE_IDENTIFIER = com.YagizhanAkduman.BaseNavigationBar;
				PRODUCT_NAME = "$(TARGET_NAME)";
				SWIFT_VERSION = 5.0;
				TARGETED_DEVICE_FAMILY = "1,2";
			};
			name = Debug;
		};
		514C8B992555308A00E21674 /* Release */ = {
			isa = XCBuildConfiguration;
			buildSettings = {
				ASSETCATALOG_COMPILER_APPICON_NAME = AppIcon;
				CODE_SIGN_STYLE = Automatic;
				INFOPLIST_FILE = BaseNavigationBar/Info.plist;
				IPHONEOS_DEPLOYMENT_TARGET = 11.0;
				LD_RUNPATH_SEARCH_PATHS = (
					"$(inherited)",
					"@executable_path/Frameworks",
				);
				PRODUCT_BUNDLE_IDENTIFIER = com.YagizhanAkduman.BaseNavigationBar;
				PRODUCT_NAME = "$(TARGET_NAME)";
				SWIFT_VERSION = 5.0;
				TARGETED_DEVICE_FAMILY = "1,2";
			};
			name = Release;
		};
/* End XCBuildConfiguration section */

/* Begin XCConfigurationList section */
		514C8B7E2555308900E21674 /* Build configuration list for PBXProject "BaseNavigationBar" */ = {
			isa = XCConfigurationList;
			buildConfigurations = (
				514C8B952555308A00E21674 /* Debug */,
				514C8B962555308A00E21674 /* Release */,
			);
			defaultConfigurationIsVisible = 0;
			defaultConfigurationName = Release;
		};
		514C8B972555308A00E21674 /* Build configuration list for PBXNativeTarget "BaseNavigationBar" */ = {
			isa = XCConfigurationList;
			buildConfigurations = (
				514C8B982555308A00E21674 /* Debug */,
				514C8B992555308A00E21674 /* Release */,
			);
			defaultConfigurationIsVisible = 0;
			defaultConfigurationName = Release;
		};
/* End XCConfigurationList section */
	};
	rootObject = 514C8B7B2555308900E21674 /* Project object */;
}
